
Microsoft Visual Studio Solution File, Format Version 12.00
# Visual Studio Version 16
VisualStudioVersion = 16.0.29009.5
MinimumVisualStudioVersion = 10.0.40219.1
Project("{FAE04EC0-301F-11D3-BF4B-00C04F79EFBC}") = "WebAPI_REST_Test", "WebAPI_REST_Test.csproj", "{7DCB3833-921C-4DF0-863B-555E7721FF4A}"
EndProject
Global
	GlobalSection(SolutionConfigurationPlatforms) = preSolution
		Debug|Any CPU = Debug|Any CPU
		Release|Any CPU = Release|Any CPU
	EndGlobalSection
	GlobalSection(ProjectConfigurationPlatforms) = postSolution
		{7DCB3833-921C-4DF0-863B-555E7721FF4A}.Debug|Any CPU.ActiveCfg = Debug|Any CPU
		{7DCB3833-921C-4DF0-863B-555E7721FF4A}.Debug|Any CPU.Build.0 = Debug|Any CPU
		{7DCB3833-921C-4DF0-863B-555E7721FF4A}.Release|Any CPU.ActiveCfg = Release|Any CPU
		{7DCB3833-921C-4DF0-863B-555E7721FF4A}.Release|Any CPU.Build.0 = Release|Any CPU
	EndGlobalSection
	GlobalSection(SolutionProperties) = preSolution
		HideSolutionNode = FALSE
	EndGlobalSection
	GlobalSection(ExtensibilityGlobals) = postSolution
		SolutionGuid = {2365164F-1066-4917-8269-075487D670A2}
	EndGlobalSection
EndGlobal
